// !$*UTF8*$!
{
	archiveVersion = 1;
	classes = {
	};
	objectVersion = 56;
	objects = {

/* Begin PBXBuildFile section */
		572ECEF92970A143007B44FB /* AppDelegate.swift in Sources */ = {isa = PBXBuildFile; fileRef = 572ECEF82970A143007B44FB /* AppDelegate.swift */; };
		572ECEFB2970A143007B44FB /* SceneDelegate.swift in Sources */ = {isa = PBXBuildFile; fileRef = 572ECEFA2970A143007B44FB /* SceneDelegate.swift */; };
		572ECEFD2970A143007B44FB /* ViewController.swift in Sources */ = {isa = PBXBuildFile; fileRef = 572ECEFC2970A143007B44FB /* ViewController.swift */; };
		572ECF002970A143007B44FB /* Main.storyboard in Resources */ = {isa = PBXBuildFile; fileRef = 572ECEFE2970A143007B44FB /* Main.storyboard */; };
		572ECF032970A143007B44FB /* _inShield.xcdatamodeld in Sources */ = {isa = PBXBuildFile; fileRef = 572ECF012970A143007B44FB /* _inShield.xcdatamodeld */; };
		572ECF052970A144007B44FB /* Assets.xcassets in Resources */ = {isa = PBXBuildFile; fileRef = 572ECF042970A144007B44FB /* Assets.xcassets */; };
		572ECF082970A144007B44FB /* LaunchScreen.storyboard in Resources */ = {isa = PBXBuildFile; fileRef = 572ECF062970A144007B44FB /* LaunchScreen.storyboard */; };
		572ECF132970A145007B44FB /* _inShieldTests.swift in Sources */ = {isa = PBXBuildFile; fileRef = 572ECF122970A145007B44FB /* _inShieldTests.swift */; };
		572ECF1D2970A145007B44FB /* _inShieldUITests.swift in Sources */ = {isa = PBXBuildFile; fileRef = 572ECF1C2970A145007B44FB /* _inShieldUITests.swift */; };
		572ECF1F2970A145007B44FB /* _inShieldUITestsLaunchTests.swift in Sources */ = {isa = PBXBuildFile; fileRef = 572ECF1E2970A145007B44FB /* _inShieldUITestsLaunchTests.swift */; };
		5786DC58297225A9008060FA /* CongratsController.swift in Sources */ = {isa = PBXBuildFile; fileRef = 5786DC57297225A9008060FA /* CongratsController.swift */; };
		5786DC5A297225EC008060FA /* WelcomeeController.swift in Sources */ = {isa = PBXBuildFile; fileRef = 5786DC59297225EC008060FA /* WelcomeeController.swift */; };
		5786DC5C29730486008060FA /* CircledTabBarController.swift in Sources */ = {isa = PBXBuildFile; fileRef = 5786DC5B29730486008060FA /* CircledTabBarController.swift */; };
		5786DC5E297312EF008060FA /* DashboardController.swift in Sources */ = {isa = PBXBuildFile; fileRef = 5786DC5D297312EF008060FA /* DashboardController.swift */; };
		5786DC612974170A008060FA /* Design.swift in Sources */ = {isa = PBXBuildFile; fileRef = 5786DC602974170A008060FA /* Design.swift */; };
		57E428CF297213D7006968DD /* SignInController.swift in Sources */ = {isa = PBXBuildFile; fileRef = 57E428CE297213D7006968DD /* SignInController.swift */; };
		57E428D129721418006968DD /* SignUpController.swift in Sources */ = {isa = PBXBuildFile; fileRef = 57E428D029721418006968DD /* SignUpController.swift */; };
		57E428D3297214ED006968DD /* ChoiceController.swift in Sources */ = {isa = PBXBuildFile; fileRef = 57E428D2297214ED006968DD /* ChoiceController.swift */; };
		57E428D5297217A2006968DD /* WelcomeController.swift in Sources */ = {isa = PBXBuildFile; fileRef = 57E428D4297217A2006968DD /* WelcomeController.swift */; };
		57E428D729721987006968DD /* AddChildSegueController.swift in Sources */ = {isa = PBXBuildFile; fileRef = 57E428D629721987006968DD /* AddChildSegueController.swift */; };
		57E428D929721C5A006968DD /* AddChildFormSocialController.swift in Sources */ = {isa = PBXBuildFile; fileRef = 57E428D829721C5A006968DD /* AddChildFormSocialController.swift */; };
		57E428DB29721E1F006968DD /* ChildSocialAddedController.swift in Sources */ = {isa = PBXBuildFile; fileRef = 57E428DA29721E1F006968DD /* ChildSocialAddedController.swift */; };
		57E428DD29721E91006968DD /* AddChildFormController.swift in Sources */ = {isa = PBXBuildFile; fileRef = 57E428DC29721E90006968DD /* AddChildFormController.swift */; };
/* End PBXBuildFile section */

/* Begin PBXContainerItemProxy section */
		572ECF0F2970A145007B44FB /* PBXContainerItemProxy */ = {
			isa = PBXContainerItemProxy;
			containerPortal = 572ECEED2970A143007B44FB /* Project object */;
			proxyType = 1;
			remoteGlobalIDString = 572ECEF42970A143007B44FB;
			remoteInfo = 4inShield;
		};
		572ECF192970A145007B44FB /* PBXContainerItemProxy */ = {
			isa = PBXContainerItemProxy;
			containerPortal = 572ECEED2970A143007B44FB /* Project object */;
			proxyType = 1;
			remoteGlobalIDString = 572ECEF42970A143007B44FB;
			remoteInfo = 4inShield;
		};
/* End PBXContainerItemProxy section */

/* Begin PBXFileReference section */
		572ECEF52970A143007B44FB /* 4inShield.app */ = {isa = PBXFileReference; explicitFileType = wrapper.application; includeInIndex = 0; path = 4inShield.app; sourceTree = BUILT_PRODUCTS_DIR; };
		572ECEF82970A143007B44FB /* AppDelegate.swift */ = {isa = PBXFileReference; lastKnownFileType = sourcecode.swift; path = AppDelegate.swift; sourceTree = "<group>"; };
		572ECEFA2970A143007B44FB /* SceneDelegate.swift */ = {isa = PBXFileReference; lastKnownFileType = sourcecode.swift; path = SceneDelegate.swift; sourceTree = "<group>"; };
		572ECEFC2970A143007B44FB /* ViewController.swift */ = {isa = PBXFileReference; lastKnownFileType = sourcecode.swift; path = ViewController.swift; sourceTree = "<group>"; };
		572ECEFF2970A143007B44FB /* Base */ = {isa = PBXFileReference; lastKnownFileType = file.storyboard; name = Base; path = Base.lproj/Main.storyboard; sourceTree = "<group>"; };
		572ECF022970A143007B44FB /* _inShield.xcdatamodel */ = {isa = PBXFileReference; lastKnownFileType = wrapper.xcdatamodel; path = _inShield.xcdatamodel; sourceTree = "<group>"; };
		572ECF042970A144007B44FB /* Assets.xcassets */ = {isa = PBXFileReference; lastKnownFileType = folder.assetcatalog; path = Assets.xcassets; sourceTree = "<group>"; };
		572ECF072970A144007B44FB /* Base */ = {isa = PBXFileReference; lastKnownFileType = file.storyboard; name = Base; path = Base.lproj/LaunchScreen.storyboard; sourceTree = "<group>"; };
		572ECF092970A144007B44FB /* Info.plist */ = {isa = PBXFileReference; lastKnownFileType = text.plist.xml; path = Info.plist; sourceTree = "<group>"; };
		572ECF0E2970A145007B44FB /* 4inShieldTests.xctest */ = {isa = PBXFileReference; explicitFileType = wrapper.cfbundle; includeInIndex = 0; path = 4inShieldTests.xctest; sourceTree = BUILT_PRODUCTS_DIR; };
		572ECF122970A145007B44FB /* _inShieldTests.swift */ = {isa = PBXFileReference; lastKnownFileType = sourcecode.swift; path = _inShieldTests.swift; sourceTree = "<group>"; };
		572ECF182970A145007B44FB /* 4inShieldUITests.xctest */ = {isa = PBXFileReference; explicitFileType = wrapper.cfbundle; includeInIndex = 0; path = 4inShieldUITests.xctest; sourceTree = BUILT_PRODUCTS_DIR; };
		572ECF1C2970A145007B44FB /* _inShieldUITests.swift */ = {isa = PBXFileReference; lastKnownFileType = sourcecode.swift; path = _inShieldUITests.swift; sourceTree = "<group>"; };
		572ECF1E2970A145007B44FB /* _inShieldUITestsLaunchTests.swift */ = {isa = PBXFileReference; lastKnownFileType = sourcecode.swift; path = _inShieldUITestsLaunchTests.swift; sourceTree = "<group>"; };
		5786DC57297225A9008060FA /* CongratsController.swift */ = {isa = PBXFileReference; lastKnownFileType = sourcecode.swift; path = CongratsController.swift; sourceTree = "<group>"; };
		5786DC59297225EC008060FA /* WelcomeeController.swift */ = {isa = PBXFileReference; lastKnownFileType = sourcecode.swift; path = WelcomeeController.swift; sourceTree = "<group>"; };
		5786DC5B29730486008060FA /* CircledTabBarController.swift */ = {isa = PBXFileReference; lastKnownFileType = sourcecode.swift; path = CircledTabBarController.swift; sourceTree = "<group>"; };
		5786DC5D297312EF008060FA /* DashboardController.swift */ = {isa = PBXFileReference; lastKnownFileType = sourcecode.swift; path = DashboardController.swift; sourceTree = "<group>"; };
		5786DC602974170A008060FA /* Design.swift */ = {isa = PBXFileReference; lastKnownFileType = sourcecode.swift; path = Design.swift; sourceTree = "<group>"; };
		57E428CE297213D7006968DD /* SignInController.swift */ = {isa = PBXFileReference; lastKnownFileType = sourcecode.swift; path = SignInController.swift; sourceTree = "<group>"; };
		57E428D029721418006968DD /* SignUpController.swift */ = {isa = PBXFileReference; lastKnownFileType = sourcecode.swift; path = SignUpController.swift; sourceTree = "<group>"; };
		57E428D2297214ED006968DD /* ChoiceController.swift */ = {isa = PBXFileReference; lastKnownFileType = sourcecode.swift; path = ChoiceController.swift; sourceTree = "<group>"; };
		57E428D4297217A2006968DD /* WelcomeController.swift */ = {isa = PBXFileReference; lastKnownFileType = sourcecode.swift; path = WelcomeController.swift; sourceTree = "<group>"; };
		57E428D629721987006968DD /* AddChildSegueController.swift */ = {isa = PBXFileReference; lastKnownFileType = sourcecode.swift; path = AddChildSegueController.swift; sourceTree = "<group>"; };
		57E428D829721C5A006968DD /* AddChildFormSocialController.swift */ = {isa = PBXFileReference; lastKnownFileType = sourcecode.swift; path = AddChildFormSocialController.swift; sourceTree = "<group>"; };
		57E428DA29721E1F006968DD /* ChildSocialAddedController.swift */ = {isa = PBXFileReference; lastKnownFileType = sourcecode.swift; path = ChildSocialAddedController.swift; sourceTree = "<group>"; };
		57E428DC29721E90006968DD /* AddChildFormController.swift */ = {isa = PBXFileReference; lastKnownFileType = sourcecode.swift; path = AddChildFormController.swift; sourceTree = "<group>"; };
/* End PBXFileReference section */

/* Begin PBXFrameworksBuildPhase section */
		572ECEF22970A143007B44FB /* Frameworks */ = {
			isa = PBXFrameworksBuildPhase;
			buildActionMask = 2147483647;
			files = (
			);
			runOnlyForDeploymentPostprocessing = 0;
		};
		572ECF0B2970A145007B44FB /* Frameworks */ = {
			isa = PBXFrameworksBuildPhase;
			buildActionMask = 2147483647;
			files = (
			);
			runOnlyForDeploymentPostprocessing = 0;
		};
		572ECF152970A145007B44FB /* Frameworks */ = {
			isa = PBXFrameworksBuildPhase;
			buildActionMask = 2147483647;
			files = (
			);
			runOnlyForDeploymentPostprocessing = 0;
		};
/* End PBXFrameworksBuildPhase section */

/* Begin PBXGroup section */
		572ECEEC2970A143007B44FB = {
			isa = PBXGroup;
			children = (
				572ECEF72970A143007B44FB /* 4inShield */,
				572ECF112970A145007B44FB /* 4inShieldTests */,
				572ECF1B2970A145007B44FB /* 4inShieldUITests */,
				572ECEF62970A143007B44FB /* Products */,
			);
			sourceTree = "<group>";
		};
		572ECEF62970A143007B44FB /* Products */ = {
			isa = PBXGroup;
			children = (
				572ECEF52970A143007B44FB /* 4inShield.app */,
				572ECF0E2970A145007B44FB /* 4inShieldTests.xctest */,
				572ECF182970A145007B44FB /* 4inShieldUITests.xctest */,
			);
			name = Products;
			sourceTree = "<group>";
		};
		572ECEF72970A143007B44FB /* 4inShield */ = {
			isa = PBXGroup;
			children = (
				5786DC5F29740777008060FA /* Utils */,
				57E428CD297213B8006968DD /* Controller */,
				572ECEF82970A143007B44FB /* AppDelegate.swift */,
				572ECEFA2970A143007B44FB /* SceneDelegate.swift */,
				572ECEFE2970A143007B44FB /* Main.storyboard */,
				572ECF042970A144007B44FB /* Assets.xcassets */,
				572ECF062970A144007B44FB /* LaunchScreen.storyboard */,
				572ECF092970A144007B44FB /* Info.plist */,
				572ECF012970A143007B44FB /* _inShield.xcdatamodeld */,
			);
			path = 4inShield;
			sourceTree = "<group>";
		};
		572ECF112970A145007B44FB /* 4inShieldTests */ = {
			isa = PBXGroup;
			children = (
				572ECF122970A145007B44FB /* _inShieldTests.swift */,
			);
			path = 4inShieldTests;
			sourceTree = "<group>";
		};
		572ECF1B2970A145007B44FB /* 4inShieldUITests */ = {
			isa = PBXGroup;
			children = (
				572ECF1C2970A145007B44FB /* _inShieldUITests.swift */,
				572ECF1E2970A145007B44FB /* _inShieldUITestsLaunchTests.swift */,
			);
			path = 4inShieldUITests;
			sourceTree = "<group>";
		};
		5786DC5F29740777008060FA /* Utils */ = {
			isa = PBXGroup;
			children = (
				5786DC602974170A008060FA /* Design.swift */,
			);
			path = Utils;
			sourceTree = "<group>";
		};
		57E428CD297213B8006968DD /* Controller */ = {
			isa = PBXGroup;
			children = (
				572ECEFC2970A143007B44FB /* ViewController.swift */,
				57E428CE297213D7006968DD /* SignInController.swift */,
				57E428D029721418006968DD /* SignUpController.swift */,
				57E428D2297214ED006968DD /* ChoiceController.swift */,
				57E428D4297217A2006968DD /* WelcomeController.swift */,
				57E428D629721987006968DD /* AddChildSegueController.swift */,
				57E428D829721C5A006968DD /* AddChildFormSocialController.swift */,
				57E428DA29721E1F006968DD /* ChildSocialAddedController.swift */,
				57E428DC29721E90006968DD /* AddChildFormController.swift */,
				5786DC57297225A9008060FA /* CongratsController.swift */,
				5786DC59297225EC008060FA /* WelcomeeController.swift */,
				5786DC5B29730486008060FA /* CircledTabBarController.swift */,
				5786DC5D297312EF008060FA /* DashboardController.swift */,
			);
			path = Controller;
			sourceTree = "<group>";
		};
/* End PBXGroup section */

/* Begin PBXNativeTarget section */
		572ECEF42970A143007B44FB /* 4inShield */ = {
			isa = PBXNativeTarget;
			buildConfigurationList = 572ECF222970A145007B44FB /* Build configuration list for PBXNativeTarget "4inShield" */;
			buildPhases = (
				572ECEF12970A143007B44FB /* Sources */,
				572ECEF22970A143007B44FB /* Frameworks */,
				572ECEF32970A143007B44FB /* Resources */,
			);
			buildRules = (
			);
			dependencies = (
			);
			name = 4inShield;
			productName = 4inShield;
			productReference = 572ECEF52970A143007B44FB /* 4inShield.app */;
			productType = "com.apple.product-type.application";
		};
		572ECF0D2970A145007B44FB /* 4inShieldTests */ = {
			isa = PBXNativeTarget;
			buildConfigurationList = 572ECF252970A145007B44FB /* Build configuration list for PBXNativeTarget "4inShieldTests" */;
			buildPhases = (
				572ECF0A2970A145007B44FB /* Sources */,
				572ECF0B2970A145007B44FB /* Frameworks */,
				572ECF0C2970A145007B44FB /* Resources */,
			);
			buildRules = (
			);
			dependencies = (
				572ECF102970A145007B44FB /* PBXTargetDependency */,
			);
			name = 4inShieldTests;
			productName = 4inShieldTests;
			productReference = 572ECF0E2970A145007B44FB /* 4inShieldTests.xctest */;
			productType = "com.apple.product-type.bundle.unit-test";
		};
		572ECF172970A145007B44FB /* 4inShieldUITests */ = {
			isa = PBXNativeTarget;
			buildConfigurationList = 572ECF282970A145007B44FB /* Build configuration list for PBXNativeTarget "4inShieldUITests" */;
			buildPhases = (
				572ECF142970A145007B44FB /* Sources */,
				572ECF152970A145007B44FB /* Frameworks */,
				572ECF162970A145007B44FB /* Resources */,
			);
			buildRules = (
			);
			dependencies = (
				572ECF1A2970A145007B44FB /* PBXTargetDependency */,
			);
			name = 4inShieldUITests;
			productName = 4inShieldUITests;
			productReference = 572ECF182970A145007B44FB /* 4inShieldUITests.xctest */;
			productType = "com.apple.product-type.bundle.ui-testing";
		};
/* End PBXNativeTarget section */

/* Begin PBXProject section */
		572ECEED2970A143007B44FB /* Project object */ = {
			isa = PBXProject;
			attributes = {
				BuildIndependentTargetsInParallel = 1;
				LastSwiftUpdateCheck = 1420;
				LastUpgradeCheck = 1420;
				TargetAttributes = {
					572ECEF42970A143007B44FB = {
						CreatedOnToolsVersion = 14.2;
					};
					572ECF0D2970A145007B44FB = {
						CreatedOnToolsVersion = 14.2;
						TestTargetID = 572ECEF42970A143007B44FB;
					};
					572ECF172970A145007B44FB = {
						CreatedOnToolsVersion = 14.2;
						TestTargetID = 572ECEF42970A143007B44FB;
					};
				};
			};
			buildConfigurationList = 572ECEF02970A143007B44FB /* Build configuration list for PBXProject "4inShield" */;
			compatibilityVersion = "Xcode 14.0";
			developmentRegion = en;
			hasScannedForEncodings = 0;
			knownRegions = (
				en,
				Base,
			);
			mainGroup = 572ECEEC2970A143007B44FB;
			productRefGroup = 572ECEF62970A143007B44FB /* Products */;
			projectDirPath = "";
			projectRoot = "";
			targets = (
				572ECEF42970A143007B44FB /* 4inShield */,
				572ECF0D2970A145007B44FB /* 4inShieldTests */,
				572ECF172970A145007B44FB /* 4inShieldUITests */,
			);
		};
/* End PBXProject section */

/* Begin PBXResourcesBuildPhase section */
		572ECEF32970A143007B44FB /* Resources */ = {
			isa = PBXResourcesBuildPhase;
			buildActionMask = 2147483647;
			files = (
				572ECF082970A144007B44FB /* LaunchScreen.storyboard in Resources */,
				572ECF052970A144007B44FB /* Assets.xcassets in Resources */,
				572ECF002970A143007B44FB /* Main.storyboard in Resources */,
			);
			runOnlyForDeploymentPostprocessing = 0;
		};
		572ECF0C2970A145007B44FB /* Resources */ = {
			isa = PBXResourcesBuildPhase;
			buildActionMask = 2147483647;
			files = (
			);
			runOnlyForDeploymentPostprocessing = 0;
		};
		572ECF162970A145007B44FB /* Resources */ = {
			isa = PBXResourcesBuildPhase;
			buildActionMask = 2147483647;
			files = (
			);
			runOnlyForDeploymentPostprocessing = 0;
		};
/* End PBXResourcesBuildPhase section */

/* Begin PBXSourcesBuildPhase section */
		572ECEF12970A143007B44FB /* Sources */ = {
			isa = PBXSourcesBuildPhase;
			buildActionMask = 2147483647;
			files = (
				5786DC5E297312EF008060FA /* DashboardController.swift in Sources */,
				5786DC612974170A008060FA /* Design.swift in Sources */,
				57E428D3297214ED006968DD /* ChoiceController.swift in Sources */,
				572ECEFD2970A143007B44FB /* ViewController.swift in Sources */,
				57E428D5297217A2006968DD /* WelcomeController.swift in Sources */,
				572ECF032970A143007B44FB /* _inShield.xcdatamodeld in Sources */,
				57E428DD29721E91006968DD /* AddChildFormController.swift in Sources */,
				572ECEF92970A143007B44FB /* AppDelegate.swift in Sources */,
				57E428CF297213D7006968DD /* SignInController.swift in Sources */,
				57E428D929721C5A006968DD /* AddChildFormSocialController.swift in Sources */,
				57E428D729721987006968DD /* AddChildSegueController.swift in Sources */,
				57E428DB29721E1F006968DD /* ChildSocialAddedController.swift in Sources */,
				5786DC5A297225EC008060FA /* WelcomeeController.swift in Sources */,
				5786DC5C29730486008060FA /* CircledTabBarController.swift in Sources */,
				572ECEFB2970A143007B44FB /* SceneDelegate.swift in Sources */,
				5786DC58297225A9008060FA /* CongratsController.swift in Sources */,
				57E428D129721418006968DD /* SignUpController.swift in Sources */,
			);
			runOnlyForDeploymentPostprocessing = 0;
		};
		572ECF0A2970A145007B44FB /* Sources */ = {
			isa = PBXSourcesBuildPhase;
			buildActionMask = 2147483647;
			files = (
				572ECF132970A145007B44FB /* _inShieldTests.swift in Sources */,
			);
			runOnlyForDeploymentPostprocessing = 0;
		};
		572ECF142970A145007B44FB /* Sources */ = {
			isa = PBXSourcesBuildPhase;
			buildActionMask = 2147483647;
			files = (
				572ECF1F2970A145007B44FB /* _inShieldUITestsLaunchTests.swift in Sources */,
				572ECF1D2970A145007B44FB /* _inShieldUITests.swift in Sources */,
			);
			runOnlyForDeploymentPostprocessing = 0;
		};
/* End PBXSourcesBuildPhase section */

/* Begin PBXTargetDependency section */
		572ECF102970A145007B44FB /* PBXTargetDependency */ = {
			isa = PBXTargetDependency;
			target = 572ECEF42970A143007B44FB /* 4inShield */;
			targetProxy = 572ECF0F2970A145007B44FB /* PBXContainerItemProxy */;
		};
		572ECF1A2970A145007B44FB /* PBXTargetDependency */ = {
			isa = PBXTargetDependency;
			target = 572ECEF42970A143007B44FB /* 4inShield */;
			targetProxy = 572ECF192970A145007B44FB /* PBXContainerItemProxy */;
		};
/* End PBXTargetDependency section */

/* Begin PBXVariantGroup section */
		572ECEFE2970A143007B44FB /* Main.storyboard */ = {
			isa = PBXVariantGroup;
			children = (
				572ECEFF2970A143007B44FB /* Base */,
			);
			name = Main.storyboard;
			sourceTree = "<group>";
		};
		572ECF062970A144007B44FB /* LaunchScreen.storyboard */ = {
			isa = PBXVariantGroup;
			children = (
				572ECF072970A144007B44FB /* Base */,
			);
			name = LaunchScreen.storyboard;
			sourceTree = "<group>";
		};
/* End PBXVariantGroup section */

/* Begin XCBuildConfiguration section */
		572ECF202970A145007B44FB /* Debug */ = {
			isa = XCBuildConfiguration;
			buildSettings = {
				ALWAYS_SEARCH_USER_PATHS = NO;
				CLANG_ANALYZER_NONNULL = YES;
				CLANG_ANALYZER_NUMBER_OBJECT_CONVERSION = YES_AGGRESSIVE;
				CLANG_CXX_LANGUAGE_STANDARD = "gnu++20";
				CLANG_ENABLE_MODULES = YES;
				CLANG_ENABLE_OBJC_ARC = YES;
				CLANG_ENABLE_OBJC_WEAK = YES;
				CLANG_WARN_BLOCK_CAPTURE_AUTORELEASING = YES;
				CLANG_WARN_BOOL_CONVERSION = YES;
				CLANG_WARN_COMMA = YES;
				CLANG_WARN_CONSTANT_CONVERSION = YES;
				CLANG_WARN_DEPRECATED_OBJC_IMPLEMENTATIONS = YES;
				CLANG_WARN_DIRECT_OBJC_ISA_USAGE = YES_ERROR;
				CLANG_WARN_DOCUMENTATION_COMMENTS = YES;
				CLANG_WARN_EMPTY_BODY = YES;
				CLANG_WARN_ENUM_CONVERSION = YES;
				CLANG_WARN_INFINITE_RECURSION = YES;
				CLANG_WARN_INT_CONVERSION = YES;
				CLANG_WARN_NON_LITERAL_NULL_CONVERSION = YES;
				CLANG_WARN_OBJC_IMPLICIT_RETAIN_SELF = YES;
				CLANG_WARN_OBJC_LITERAL_CONVERSION = YES;
				CLANG_WARN_OBJC_ROOT_CLASS = YES_ERROR;
				CLANG_WARN_QUOTED_INCLUDE_IN_FRAMEWORK_HEADER = YES;
				CLANG_WARN_RANGE_LOOP_ANALYSIS = YES;
				CLANG_WARN_STRICT_PROTOTYPES = YES;
				CLANG_WARN_SUSPICIOUS_MOVE = YES;
				CLANG_WARN_UNGUARDED_AVAILABILITY = YES_AGGRESSIVE;
				CLANG_WARN_UNREACHABLE_CODE = YES;
				CLANG_WARN__DUPLICATE_METHOD_MATCH = YES;
				COPY_PHASE_STRIP = NO;
				DEBUG_INFORMATION_FORMAT = dwarf;
				ENABLE_STRICT_OBJC_MSGSEND = YES;
				ENABLE_TESTABILITY = YES;
				GCC_C_LANGUAGE_STANDARD = gnu11;
				GCC_DYNAMIC_NO_PIC = NO;
				GCC_NO_COMMON_BLOCKS = YES;
				GCC_OPTIMIZATION_LEVEL = 0;
				GCC_PREPROCESSOR_DEFINITIONS = (
					"DEBUG=1",
					"$(inherited)",
				);
				GCC_WARN_64_TO_32_BIT_CONVERSION = YES;
				GCC_WARN_ABOUT_RETURN_TYPE = YES_ERROR;
				GCC_WARN_UNDECLARED_SELECTOR = YES;
				GCC_WARN_UNINITIALIZED_AUTOS = YES_AGGRESSIVE;
				GCC_WARN_UNUSED_FUNCTION = YES;
				GCC_WARN_UNUSED_VARIABLE = YES;
				IPHONEOS_DEPLOYMENT_TARGET = 15.0;
				MTL_ENABLE_DEBUG_INFO = INCLUDE_SOURCE;
				MTL_FAST_MATH = YES;
				ONLY_ACTIVE_ARCH = YES;
				SDKROOT = iphoneos;
				SWIFT_ACTIVE_COMPILATION_CONDITIONS = DEBUG;
				SWIFT_OPTIMIZATION_LEVEL = "-Onone";
			};
			name = Debug;
		};
		572ECF212970A145007B44FB /* Release */ = {
			isa = XCBuildConfiguration;
			buildSettings = {
				ALWAYS_SEARCH_USER_PATHS = NO;
				CLANG_ANALYZER_NONNULL = YES;
				CLANG_ANALYZER_NUMBER_OBJECT_CONVERSION = YES_AGGRESSIVE;
				CLANG_CXX_LANGUAGE_STANDARD = "gnu++20";
				CLANG_ENABLE_MODULES = YES;
				CLANG_ENABLE_OBJC_ARC = YES;
				CLANG_ENABLE_OBJC_WEAK = YES;
				CLANG_WARN_BLOCK_CAPTURE_AUTORELEASING = YES;
				CLANG_WARN_BOOL_CONVERSION = YES;
				CLANG_WARN_COMMA = YES;
				CLANG_WARN_CONSTANT_CONVERSION = YES;
				CLANG_WARN_DEPRECATED_OBJC_IMPLEMENTATIONS = YES;
				CLANG_WARN_DIRECT_OBJC_ISA_USAGE = YES_ERROR;
				CLANG_WARN_DOCUMENTATION_COMMENTS = YES;
				CLANG_WARN_EMPTY_BODY = YES;
				CLANG_WARN_ENUM_CONVERSION = YES;
				CLANG_WARN_INFINITE_RECURSION = YES;
				CLANG_WARN_INT_CONVERSION = YES;
				CLANG_WARN_NON_LITERAL_NULL_CONVERSION = YES;
				CLANG_WARN_OBJC_IMPLICIT_RETAIN_SELF = YES;
				CLANG_WARN_OBJC_LITERAL_CONVERSION = YES;
				CLANG_WARN_OBJC_ROOT_CLASS = YES_ERROR;
				CLANG_WARN_QUOTED_INCLUDE_IN_FRAMEWORK_HEADER = YES;
				CLANG_WARN_RANGE_LOOP_ANALYSIS = YES;
				CLANG_WARN_STRICT_PROTOTYPES = YES;
				CLANG_WARN_SUSPICIOUS_MOVE = YES;
				CLANG_WARN_UNGUARDED_AVAILABILITY = YES_AGGRESSIVE;
				CLANG_WARN_UNREACHABLE_CODE = YES;
				CLANG_WARN__DUPLICATE_METHOD_MATCH = YES;
				COPY_PHASE_STRIP = NO;
				DEBUG_INFORMATION_FORMAT = "dwarf-with-dsym";
				ENABLE_NS_ASSERTIONS = NO;
				ENABLE_STRICT_OBJC_MSGSEND = YES;
				GCC_C_LANGUAGE_STANDARD = gnu11;
				GCC_NO_COMMON_BLOCKS = YES;
				GCC_WARN_64_TO_32_BIT_CONVERSION = YES;
				GCC_WARN_ABOUT_RETURN_TYPE = YES_ERROR;
				GCC_WARN_UNDECLARED_SELECTOR = YES;
				GCC_WARN_UNINITIALIZED_AUTOS = YES_AGGRESSIVE;
				GCC_WARN_UNUSED_FUNCTION = YES;
				GCC_WARN_UNUSED_VARIABLE = YES;
				IPHONEOS_DEPLOYMENT_TARGET = 15.0;
				MTL_ENABLE_DEBUG_INFO = NO;
				MTL_FAST_MATH = YES;
				SDKROOT = iphoneos;
				SWIFT_COMPILATION_MODE = wholemodule;
				SWIFT_OPTIMIZATION_LEVEL = "-O";
				VALIDATE_PRODUCT = YES;
			};
			name = Release;
		};
		572ECF232970A145007B44FB /* Debug */ = {
			isa = XCBuildConfiguration;
			buildSettings = {
				ASSETCATALOG_COMPILER_APPICON_NAME = AppIcon;
				ASSETCATALOG_COMPILER_GLOBAL_ACCENT_COLOR_NAME = AccentColor;
				CODE_SIGN_STYLE = Automatic;
				CURRENT_PROJECT_VERSION = 1;
				DEVELOPMENT_TEAM = QX7NM37CF4;
				GENERATE_INFOPLIST_FILE = YES;
				INFOPLIST_FILE = 4inShield/Info.plist;
				INFOPLIST_KEY_UIApplicationSupportsIndirectInputEvents = YES;
				INFOPLIST_KEY_UILaunchStoryboardName = LaunchScreen;
				INFOPLIST_KEY_UIMainStoryboardFile = Main;
				INFOPLIST_KEY_UISupportedInterfaceOrientations_iPad = "UIInterfaceOrientationPortrait UIInterfaceOrientationPortraitUpsideDown UIInterfaceOrientationLandscapeLeft UIInterfaceOrientationLandscapeRight";
				INFOPLIST_KEY_UISupportedInterfaceOrientations_iPhone = "UIInterfaceOrientationPortrait UIInterfaceOrientationLandscapeLeft UIInterfaceOrientationLandscapeRight";
				LD_RUNPATH_SEARCH_PATHS = (
					"$(inherited)",
					"@executable_path/Frameworks",
				);
				MARKETING_VERSION = 1.0;
				PRODUCT_BUNDLE_IDENTIFIER = "Mohamedmmc.-inShield";
				PRODUCT_NAME = "$(TARGET_NAME)";
				SUPPORTED_PLATFORMS = "iphoneos iphonesimulator";
				SUPPORTS_MACCATALYST = NO;
				SUPPORTS_MAC_DESIGNED_FOR_IPHONE_IPAD = NO;
				SWIFT_EMIT_LOC_STRINGS = YES;
				SWIFT_VERSION = 5.0;
				TARGETED_DEVICE_FAMILY = 1;
			};
			name = Debug;
		};
		572ECF242970A145007B44FB /* Release */ = {
			isa = XCBuildConfiguration;
			buildSettings = {
				ASSETCATALOG_COMPILER_APPICON_NAME = AppIcon;
				ASSETCATALOG_COMPILER_GLOBAL_ACCENT_COLOR_NAME = AccentColor;
				CODE_SIGN_STYLE = Automatic;
				CURRENT_PROJECT_VERSION = 1;
				DEVELOPMENT_TEAM = QX7NM37CF4;
				GENERATE_INFOPLIST_FILE = YES;
				INFOPLIST_FILE = 4inShield/Info.plist;
				INFOPLIST_KEY_UIApplicationSupportsIndirectInputEvents = YES;
				INFOPLIST_KEY_UILaunchStoryboardName = LaunchScreen;
				INFOPLIST_KEY_UIMainStoryboardFile = Main;
				INFOPLIST_KEY_UISupportedInterfaceOrientations_iPad = "UIInterfaceOrientationPortrait UIInterfaceOrientationPortraitUpsideDown UIInterfaceOrientationLandscapeLeft UIInterfaceOrientationLandscapeRight";
				INFOPLIST_KEY_UISupportedInterfaceOrientations_iPhone = "UIInterfaceOrientationPortrait UIInterfaceOrientationLandscapeLeft UIInterfaceOrientationLandscapeRight";
				LD_RUNPATH_SEARCH_PATHS = (
					"$(inherited)",
					"@executable_path/Frameworks",
				);
				MARKETING_VERSION = 1.0;
				PRODUCT_BUNDLE_IDENTIFIER = "Mohamedmmc.-inShield";
				PRODUCT_NAME = "$(TARGET_NAME)";
				SUPPORTED_PLATFORMS = "iphoneos iphonesimulator";
				SUPPORTS_MACCATALYST = NO;
				SUPPORTS_MAC_DESIGNED_FOR_IPHONE_IPAD = NO;
				SWIFT_EMIT_LOC_STRINGS = YES;
				SWIFT_VERSION = 5.0;
				TARGETED_DEVICE_FAMILY = 1;
			};
			name = Release;
		};
		572ECF262970A145007B44FB /* Debug */ = {
			isa = XCBuildConfiguration;
			buildSettings = {
				ALWAYS_EMBED_SWIFT_STANDARD_LIBRARIES = YES;
				BUNDLE_LOADER = "$(TEST_HOST)";
				CODE_SIGN_STYLE = Automatic;
				CURRENT_PROJECT_VERSION = 1;
				DEVELOPMENT_TEAM = QX7NM37CF4;
				GENERATE_INFOPLIST_FILE = YES;
				IPHONEOS_DEPLOYMENT_TARGET = 16.2;
				MARKETING_VERSION = 1.0;
				PRODUCT_BUNDLE_IDENTIFIER = "Mohamedmmc.-inShieldTests";
				PRODUCT_NAME = "$(TARGET_NAME)";
				SWIFT_EMIT_LOC_STRINGS = NO;
				SWIFT_VERSION = 5.0;
				TARGETED_DEVICE_FAMILY = "1,2";
				TEST_HOST = "$(BUILT_PRODUCTS_DIR)/4inShield.app/$(BUNDLE_EXECUTABLE_FOLDER_PATH)/4inShield";
			};
			name = Debug;
		};
		572ECF272970A145007B44FB /* Release */ = {
			isa = XCBuildConfiguration;
			buildSettings = {
				ALWAYS_EMBED_SWIFT_STANDARD_LIBRARIES = YES;
				BUNDLE_LOADER = "$(TEST_HOST)";
				CODE_SIGN_STYLE = Automatic;
				CURRENT_PROJECT_VERSION = 1;
				DEVELOPMENT_TEAM = QX7NM37CF4;
				GENERATE_INFOPLIST_FILE = YES;
				IPHONEOS_DEPLOYMENT_TARGET = 16.2;
				MARKETING_VERSION = 1.0;
				PRODUCT_BUNDLE_IDENTIFIER = "Mohamedmmc.-inShieldTests";
				PRODUCT_NAME = "$(TARGET_NAME)";
				SWIFT_EMIT_LOC_STRINGS = NO;
				SWIFT_VERSION = 5.0;
				TARGETED_DEVICE_FAMILY = "1,2";
				TEST_HOST = "$(BUILT_PRODUCTS_DIR)/4inShield.app/$(BUNDLE_EXECUTABLE_FOLDER_PATH)/4inShield";
			};
			name = Release;
		};
		572ECF292970A145007B44FB /* Debug */ = {
			isa = XCBuildConfiguration;
			buildSettings = {
				ALWAYS_EMBED_SWIFT_STANDARD_LIBRARIES = YES;
				CODE_SIGN_STYLE = Automatic;
				CURRENT_PROJECT_VERSION = 1;
				DEVELOPMENT_TEAM = QX7NM37CF4;
				GENERATE_INFOPLIST_FILE = YES;
				MARKETING_VERSION = 1.0;
				PRODUCT_BUNDLE_IDENTIFIER = "Mohamedmmc.-inShieldUITests";
				PRODUCT_NAME = "$(TARGET_NAME)";
				SWIFT_EMIT_LOC_STRINGS = NO;
				SWIFT_VERSION = 5.0;
				TARGETED_DEVICE_FAMILY = "1,2";
				TEST_TARGET_NAME = 4inShield;
			};
			name = Debug;
		};
		572ECF2A2970A145007B44FB /* Release */ = {
			isa = XCBuildConfiguration;
			buildSettings = {
				ALWAYS_EMBED_SWIFT_STANDARD_LIBRARIES = YES;
				CODE_SIGN_STYLE = Automatic;
				CURRENT_PROJECT_VERSION = 1;
				DEVELOPMENT_TEAM = QX7NM37CF4;
				GENERATE_INFOPLIST_FILE = YES;
				MARKETING_VERSION = 1.0;
				PRODUCT_BUNDLE_IDENTIFIER = "Mohamedmmc.-inShieldUITests";
				PRODUCT_NAME = "$(TARGET_NAME)";
				SWIFT_EMIT_LOC_STRINGS = NO;
				SWIFT_VERSION = 5.0;
				TARGETED_DEVICE_FAMILY = "1,2";
				TEST_TARGET_NAME = 4inShield;
			};
			name = Release;
		};
/* End XCBuildConfiguration section */

/* Begin XCConfigurationList section */
		572ECEF02970A143007B44FB /* Build configuration list for PBXProject "4inShield" */ = {
			isa = XCConfigurationList;
			buildConfigurations = (
				572ECF202970A145007B44FB /* Debug */,
				572ECF212970A145007B44FB /* Release */,
			);
			defaultConfigurationIsVisible = 0;
			defaultConfigurationName = Release;
		};
		572ECF222970A145007B44FB /* Build configuration list for PBXNativeTarget "4inShield" */ = {
			isa = XCConfigurationList;
			buildConfigurations = (
				572ECF232970A145007B44FB /* Debug */,
				572ECF242970A145007B44FB /* Release */,
			);
			defaultConfigurationIsVisible = 0;
			defaultConfigurationName = Release;
		};
		572ECF252970A145007B44FB /* Build configuration list for PBXNativeTarget "4inShieldTests" */ = {
			isa = XCConfigurationList;
			buildConfigurations = (
				572ECF262970A145007B44FB /* Debug */,
				572ECF272970A145007B44FB /* Release */,
			);
			defaultConfigurationIsVisible = 0;
			defaultConfigurationName = Release;
		};
		572ECF282970A145007B44FB /* Build configuration list for PBXNativeTarget "4inShieldUITests" */ = {
			isa = XCConfigurationList;
			buildConfigurations = (
				572ECF292970A145007B44FB /* Debug */,
				572ECF2A2970A145007B44FB /* Release */,
			);
			defaultConfigurationIsVisible = 0;
			defaultConfigurationName = Release;
		};
/* End XCConfigurationList section */

/* Begin XCVersionGroup section */
		572ECF012970A143007B44FB /* _inShield.xcdatamodeld */ = {
			isa = XCVersionGroup;
			children = (
				572ECF022970A143007B44FB /* _inShield.xcdatamodel */,
			);
			currentVersion = 572ECF022970A143007B44FB /* _inShield.xcdatamodel */;
			path = _inShield.xcdatamodeld;
			sourceTree = "<group>";
			versionGroupType = wrapper.xcdatamodel;
		};
/* End XCVersionGroup section */
	};
	rootObject = 572ECEED2970A143007B44FB /* Project object */;
}
